
Microsoft Visual Studio Solution File, Format Version 12.00
# Visual Studio Version 16
VisualStudioVersion = 16.0.29709.97
MinimumVisualStudioVersion = 10.0.40219.1
Project("{FAE04EC0-301F-11D3-BF4B-00C04F79EFBC}") = "Marquez_App1", "Marquez_App1\Marquez_App1.csproj", "{ABE82431-627D-4B9D-BE8A-825D8131248D}"
EndProject
Global
	GlobalSection(SolutionConfigurationPlatforms) = preSolution
		Debug|Any CPU = Debug|Any CPU
		Release|Any CPU = Release|Any CPU
	EndGlobalSection
	GlobalSection(ProjectConfigurationPlatforms) = postSolution
		{ABE82431-627D-4B9D-BE8A-825D8131248D}.Debug|Any CPU.ActiveCfg = Debug|Any CPU
		{ABE82431-627D-4B9D-BE8A-825D8131248D}.Debug|Any CPU.Build.0 = Debug|Any CPU
		{ABE82431-627D-4B9D-BE8A-825D8131248D}.Release|Any CPU.ActiveCfg = Release|Any CPU
		{ABE82431-627D-4B9D-BE8A-825D8131248D}.Release|Any CPU.Build.0 = Release|Any CPU
	EndGlobalSection
	GlobalSection(SolutionProperties) = preSolution
		HideSolutionNode = FALSE
	EndGlobalSection
	GlobalSection(ExtensibilityGlobals) = postSolution
		SolutionGuid = {1F3C2839-DB2A-46E2-9CA0-0347C0F7FDE9}
	EndGlobalSection
EndGlobal
